
Microsoft Visual Studio Solution File, Format Version 12.00
# Visual Studio 2012
Project("{FAE04EC0-301F-11D3-BF4B-00C04F79EFBC}") = "Sample", "Sample\Sample.csproj", "{291BF90B-8119-49B2-BD86-9953713F2989}"
EndProject
Project("{FAE04EC0-301F-11D3-BF4B-00C04F79EFBC}") = "KBCustomActionSheet", "KBCustomActionSheet\KBCustomActionSheet.csproj", "{11B1A565-7351-4E2C-9C23-878325FA3A30}"
EndProject
Global
	GlobalSection(SolutionConfigurationPlatforms) = preSolution
		Debug|Any CPU = Debug|Any CPU
		Release|Any CPU = Release|Any CPU
		Debug|iPhoneSimulator = Debug|iPhoneSimulator
		Release|iPhone = Release|iPhone
		Release|iPhoneSimulator = Release|iPhoneSimulator
		Debug|iPhone = Debug|iPhone
	EndGlobalSection
	GlobalSection(ProjectConfigurationPlatforms) = postSolution
		{291BF90B-8119-49B2-BD86-9953713F2989}.Debug|Any CPU.ActiveCfg = Debug|iPhoneSimulator
		{291BF90B-8119-49B2-BD86-9953713F2989}.Debug|Any CPU.Build.0 = Debug|iPhoneSimulator
		{291BF90B-8119-49B2-BD86-9953713F2989}.Release|Any CPU.ActiveCfg = Release|iPhone
		{291BF90B-8119-49B2-BD86-9953713F2989}.Release|Any CPU.Build.0 = Release|iPhone
		{291BF90B-8119-49B2-BD86-9953713F2989}.Debug|iPhoneSimulator.ActiveCfg = Debug|iPhoneSimulator
		{291BF90B-8119-49B2-BD86-9953713F2989}.Debug|iPhoneSimulator.Build.0 = Debug|iPhoneSimulator
		{291BF90B-8119-49B2-BD86-9953713F2989}.Release|iPhone.ActiveCfg = Release|iPhone
		{291BF90B-8119-49B2-BD86-9953713F2989}.Release|iPhone.Build.0 = Release|iPhone
		{291BF90B-8119-49B2-BD86-9953713F2989}.Release|iPhoneSimulator.ActiveCfg = Release|iPhoneSimulator
		{291BF90B-8119-49B2-BD86-9953713F2989}.Release|iPhoneSimulator.Build.0 = Release|iPhoneSimulator
		{291BF90B-8119-49B2-BD86-9953713F2989}.Debug|iPhone.ActiveCfg = Debug|iPhone
		{291BF90B-8119-49B2-BD86-9953713F2989}.Debug|iPhone.Build.0 = Debug|iPhone
		{11B1A565-7351-4E2C-9C23-878325FA3A30}.Debug|Any CPU.ActiveCfg = Debug|Any CPU
		{11B1A565-7351-4E2C-9C23-878325FA3A30}.Debug|Any CPU.Build.0 = Debug|Any CPU
		{11B1A565-7351-4E2C-9C23-878325FA3A30}.Release|Any CPU.ActiveCfg = Release|Any CPU
		{11B1A565-7351-4E2C-9C23-878325FA3A30}.Release|Any CPU.Build.0 = Release|Any CPU
		{11B1A565-7351-4E2C-9C23-878325FA3A30}.Debug|iPhoneSimulator.ActiveCfg = Debug|Any CPU
		{11B1A565-7351-4E2C-9C23-878325FA3A30}.Debug|iPhoneSimulator.Build.0 = Debug|Any CPU
		{11B1A565-7351-4E2C-9C23-878325FA3A30}.Release|iPhone.ActiveCfg = Release|Any CPU
		{11B1A565-7351-4E2C-9C23-878325FA3A30}.Release|iPhone.Build.0 = Release|Any CPU
		{11B1A565-7351-4E2C-9C23-878325FA3A30}.Release|iPhoneSimulator.ActiveCfg = Release|Any CPU
		{11B1A565-7351-4E2C-9C23-878325FA3A30}.Release|iPhoneSimulator.Build.0 = Release|Any CPU
		{11B1A565-7351-4E2C-9C23-878325FA3A30}.Debug|iPhone.ActiveCfg = Debug|Any CPU
		{11B1A565-7351-4E2C-9C23-878325FA3A30}.Debug|iPhone.Build.0 = Debug|Any CPU
	EndGlobalSection
EndGlobal
